{
  "version": 4,
  "terraform_version": "1.7.4",
  "serial": 766,
  "lineage": "96511ba0-26e9-5b5c-dcdd-a8b61026d065",
  "outputs": {
    "connection_string": {
      "value": "sqlcmd -S sql-sqlapp-default-xcqk.database.windows.net -U mmed -P rV?*xoY%mfoNBx%U -d sqldb-sqlapp-default -I",
      "type": "string",
      "sensitive": true
    }
  },
  "resources": [
    {
      "mode": "managed",
      "type": "azurerm_network_security_group",
      "name": "app_service_integration_NSG",
      "provider": "provider[\"registry.terraform.io/hashicorp/azurerm\"]",
      "instances": [
        {
          "schema_version": 0,
          "attributes": {
            "id": "/subscriptions/c3b441a2-e383-46cf-9ac4-4386092309bb/resourceGroups/rg-sqlapp-default/providers/Microsoft.Network/networkSecurityGroups/app_service_integration_NSG",
            "location": "francecentral",
            "name": "app_service_integration_NSG",
            "resource_group_name": "rg-sqlapp-default",
            "security_rule": [
              {
                "access": "Allow",
                "description": "",
                "destination_address_prefix": "*",
                "destination_address_prefixes": [],
                "destination_application_security_group_ids": [],
                "destination_port_range": "*",
                "destination_port_ranges": [],
                "direction": "Inbound",
                "name": "Allow-All-IN",
                "priority": 101,
                "protocol": "*",
                "source_address_prefix": "*",
                "source_address_prefixes": [],
                "source_application_security_group_ids": [],
                "source_port_range": "*",
                "source_port_ranges": []
              },
              {
                "access": "Allow",
                "description": "",
                "destination_address_prefix": "*",
                "destination_address_prefixes": [],
                "destination_application_security_group_ids": [],
                "destination_port_range": "*",
                "destination_port_ranges": [],
                "direction": "Outbound",
                "name": "Allow-All-OUT",
                "priority": 100,
                "protocol": "*",
                "source_address_prefix": "*",
                "source_address_prefixes": [],
                "source_application_security_group_ids": [],
                "source_port_range": "*",
                "source_port_ranges": []
              },
              {
                "access": "Allow",
                "description": "",
                "destination_address_prefix": "10.0.2.0/24",
                "destination_address_prefixes": [],
                "destination_application_security_group_ids": [],
                "destination_port_range": "*",
                "destination_port_ranges": [],
                "direction": "Outbound",
                "name": "Allow-OUT-private-endpoints",
                "priority": 109,
                "protocol": "Tcp",
                "source_address_prefix": "*",
                "source_address_prefixes": [],
                "source_application_security_group_ids": [],
                "source_port_range": "*",
                "source_port_ranges": []
              }
            ],
            "tags": {},
            "timeouts": null
          },
          "sensitive_attributes": [],
          "private": "eyJlMmJmYjczMC1lY2FhLTExZTYtOGY4OC0zNDM2M2JjN2M0YzAiOnsiY3JlYXRlIjoxODAwMDAwMDAwMDAwLCJkZWxldGUiOjE4MDAwMDAwMDAwMDAsInJlYWQiOjMwMDAwMDAwMDAwMCwidXBkYXRlIjoxODAwMDAwMDAwMDAwfX0=",
          "dependencies": [
            "azurerm_resource_group.the_group",
            "module.naming.random_string.first_letter",
            "module.naming.random_string.main"
          ]
        }
      ]
    },
    {
      "mode": "managed",
      "type": "azurerm_network_security_group",
      "name": "private_endpoints_NSG",
      "provider": "provider[\"registry.terraform.io/hashicorp/azurerm\"]",
      "instances": [
        {
          "schema_version": 0,
          "attributes": {
            "id": "/subscriptions/c3b441a2-e383-46cf-9ac4-4386092309bb/resourceGroups/rg-sqlapp-default/providers/Microsoft.Network/networkSecurityGroups/private_endpoints_NSG",
            "location": "francecentral",
            "name": "private_endpoints_NSG",
            "resource_group_name": "rg-sqlapp-default",
            "security_rule": [
              {
                "access": "Allow",
                "description": "",
                "destination_address_prefix": "*",
                "destination_address_prefixes": [],
                "destination_application_security_group_ids": [],
                "destination_port_range": "*",
                "destination_port_ranges": [],
                "direction": "Inbound",
                "name": "Allow-All-IN",
                "priority": 101,
                "protocol": "*",
                "source_address_prefix": "*",
                "source_address_prefixes": [],
                "source_application_security_group_ids": [],
                "source_port_range": "*",
                "source_port_ranges": []
              },
              {
                "access": "Allow",
                "description": "",
                "destination_address_prefix": "*",
                "destination_address_prefixes": [],
                "destination_application_security_group_ids": [],
                "destination_port_range": "*",
                "destination_port_ranges": [],
                "direction": "Outbound",
                "name": "Allow-All-OUT",
                "priority": 100,
                "protocol": "*",
                "source_address_prefix": "*",
                "source_address_prefixes": [],
                "source_application_security_group_ids": [],
                "source_port_range": "*",
                "source_port_ranges": []
              },
              {
                "access": "Deny",
                "description": "",
                "destination_address_prefix": "*",
                "destination_address_prefixes": [],
                "destination_application_security_group_ids": [],
                "destination_port_range": "*",
                "destination_port_ranges": [],
                "direction": "Outbound",
                "name": "Deny-OUT",
                "priority": 110,
                "protocol": "*",
                "source_address_prefix": "*",
                "source_address_prefixes": [],
                "source_application_security_group_ids": [],
                "source_port_range": "*",
                "source_port_ranges": []
              }
            ],
            "tags": {},
            "timeouts": null
          },
          "sensitive_attributes": [],
          "private": "eyJlMmJmYjczMC1lY2FhLTExZTYtOGY4OC0zNDM2M2JjN2M0YzAiOnsiY3JlYXRlIjoxODAwMDAwMDAwMDAwLCJkZWxldGUiOjE4MDAwMDAwMDAwMDAsInJlYWQiOjMwMDAwMDAwMDAwMCwidXBkYXRlIjoxODAwMDAwMDAwMDAwfX0=",
          "dependencies": [
            "azurerm_resource_group.the_group",
            "module.naming.random_string.first_letter",
            "module.naming.random_string.main"
          ]
        }
      ]
    },
    {
      "mode": "managed",
      "type": "azurerm_resource_group",
      "name": "the_group",
      "provider": "provider[\"registry.terraform.io/hashicorp/azurerm\"]",
      "instances": [
        {
          "schema_version": 0,
          "attributes": {
            "id": "/subscriptions/c3b441a2-e383-46cf-9ac4-4386092309bb/resourceGroups/rg-sqlapp-default",
            "location": "francecentral",
            "managed_by": "",
            "name": "rg-sqlapp-default",
            "tags": {},
            "timeouts": null
          },
          "sensitive_attributes": [],
          "private": "eyJlMmJmYjczMC1lY2FhLTExZTYtOGY4OC0zNDM2M2JjN2M0YzAiOnsiY3JlYXRlIjo1NDAwMDAwMDAwMDAwLCJkZWxldGUiOjU0MDAwMDAwMDAwMDAsInJlYWQiOjMwMDAwMDAwMDAwMCwidXBkYXRlIjo1NDAwMDAwMDAwMDAwfX0=",
          "dependencies": [
            "module.naming.random_string.first_letter",
            "module.naming.random_string.main"
          ]
        }
      ]
    },
    {
      "mode": "managed",
      "type": "azurerm_subnet",
      "name": "Application_Gateway_Subnet",
      "provider": "provider[\"registry.terraform.io/hashicorp/azurerm\"]",
      "instances": [
        {
          "schema_version": 0,
          "attributes": {
            "address_prefixes": [
              "10.0.0.0/24"
            ],
            "delegation": [],
            "enforce_private_link_endpoint_network_policies": false,
            "enforce_private_link_service_network_policies": false,
            "id": "/subscriptions/c3b441a2-e383-46cf-9ac4-4386092309bb/resourceGroups/rg-sqlapp-default/providers/Microsoft.Network/virtualNetworks/vnet-sqlapp-default/subnets/Application_Gateway_Subnet",
            "name": "Application_Gateway_Subnet",
            "private_endpoint_network_policies_enabled": true,
            "private_link_service_network_policies_enabled": true,
            "resource_group_name": "rg-sqlapp-default",
            "service_endpoint_policy_ids": [],
            "service_endpoints": [],
            "timeouts": null,
            "virtual_network_name": "vnet-sqlapp-default"
          },
          "sensitive_attributes": [],
          "private": "eyJlMmJmYjczMC1lY2FhLTExZTYtOGY4OC0zNDM2M2JjN2M0YzAiOnsiY3JlYXRlIjoxODAwMDAwMDAwMDAwLCJkZWxldGUiOjE4MDAwMDAwMDAwMDAsInJlYWQiOjMwMDAwMDAwMDAwMCwidXBkYXRlIjoxODAwMDAwMDAwMDAwfX0=",
          "dependencies": [
            "azurerm_resource_group.the_group",
            "azurerm_virtual_network.the_network",
            "module.naming.random_string.first_letter",
            "module.naming.random_string.main"
          ]
        }
      ]
    },
    {
      "mode": "managed",
      "type": "azurerm_subnet",
      "name": "app_service_integration_subnet",
      "provider": "provider[\"registry.terraform.io/hashicorp/azurerm\"]",
      "instances": [
        {
          "schema_version": 0,
          "attributes": {
            "address_prefixes": [
              "10.0.1.0/24"
            ],
            "delegation": [
              {
                "name": "webapp",
                "service_delegation": [
                  {
                    "actions": [
                      "Microsoft.Network/virtualNetworks/subnets/action"
                    ],
                    "name": "Microsoft.Web/serverFarms"
                  }
                ]
              }
            ],
            "enforce_private_link_endpoint_network_policies": false,
            "enforce_private_link_service_network_policies": false,
            "id": "/subscriptions/c3b441a2-e383-46cf-9ac4-4386092309bb/resourceGroups/rg-sqlapp-default/providers/Microsoft.Network/virtualNetworks/vnet-sqlapp-default/subnets/app_service_integration_subnet",
            "name": "app_service_integration_subnet",
            "private_endpoint_network_policies_enabled": true,
            "private_link_service_network_policies_enabled": true,
            "resource_group_name": "rg-sqlapp-default",
            "service_endpoint_policy_ids": [],
            "service_endpoints": [],
            "timeouts": null,
            "virtual_network_name": "vnet-sqlapp-default"
          },
          "sensitive_attributes": [],
          "private": "eyJlMmJmYjczMC1lY2FhLTExZTYtOGY4OC0zNDM2M2JjN2M0YzAiOnsiY3JlYXRlIjoxODAwMDAwMDAwMDAwLCJkZWxldGUiOjE4MDAwMDAwMDAwMDAsInJlYWQiOjMwMDAwMDAwMDAwMCwidXBkYXRlIjoxODAwMDAwMDAwMDAwfX0=",
          "dependencies": [
            "azurerm_resource_group.the_group",
            "azurerm_virtual_network.the_network",
            "module.naming.random_string.first_letter",
            "module.naming.random_string.main"
          ]
        }
      ]
    },
    {
      "mode": "managed",
      "type": "azurerm_subnet",
      "name": "private_endpoints_subnet",
      "provider": "provider[\"registry.terraform.io/hashicorp/azurerm\"]",
      "instances": [
        {
          "schema_version": 0,
          "attributes": {
            "address_prefixes": [
              "10.0.2.0/24"
            ],
            "delegation": [],
            "enforce_private_link_endpoint_network_policies": false,
            "enforce_private_link_service_network_policies": false,
            "id": "/subscriptions/c3b441a2-e383-46cf-9ac4-4386092309bb/resourceGroups/rg-sqlapp-default/providers/Microsoft.Network/virtualNetworks/vnet-sqlapp-default/subnets/private_endpoints_subnet",
            "name": "private_endpoints_subnet",
            "private_endpoint_network_policies_enabled": true,
            "private_link_service_network_policies_enabled": true,
            "resource_group_name": "rg-sqlapp-default",
            "service_endpoint_policy_ids": [],
            "service_endpoints": [
              "Microsoft.Web"
            ],
            "timeouts": null,
            "virtual_network_name": "vnet-sqlapp-default"
          },
          "sensitive_attributes": [],
          "private": "eyJlMmJmYjczMC1lY2FhLTExZTYtOGY4OC0zNDM2M2JjN2M0YzAiOnsiY3JlYXRlIjoxODAwMDAwMDAwMDAwLCJkZWxldGUiOjE4MDAwMDAwMDAwMDAsInJlYWQiOjMwMDAwMDAwMDAwMCwidXBkYXRlIjoxODAwMDAwMDAwMDAwfX0=",
          "dependencies": [
            "azurerm_resource_group.the_group",
            "azurerm_virtual_network.the_network",
            "module.naming.random_string.first_letter",
            "module.naming.random_string.main"
          ]
        }
      ]
    },
    {
      "mode": "managed",
      "type": "azurerm_subnet_network_security_group_association",
      "name": "connect_app_service_to_nsg",
      "provider": "provider[\"registry.terraform.io/hashicorp/azurerm\"]",
      "instances": [
        {
          "schema_version": 0,
          "attributes": {
            "id": "/subscriptions/c3b441a2-e383-46cf-9ac4-4386092309bb/resourceGroups/rg-sqlapp-default/providers/Microsoft.Network/virtualNetworks/vnet-sqlapp-default/subnets/app_service_integration_subnet",
            "network_security_group_id": "/subscriptions/c3b441a2-e383-46cf-9ac4-4386092309bb/resourceGroups/rg-sqlapp-default/providers/Microsoft.Network/networkSecurityGroups/app_service_integration_NSG",
            "subnet_id": "/subscriptions/c3b441a2-e383-46cf-9ac4-4386092309bb/resourceGroups/rg-sqlapp-default/providers/Microsoft.Network/virtualNetworks/vnet-sqlapp-default/subnets/app_service_integration_subnet",
            "timeouts": null
          },
          "sensitive_attributes": [],
          "private": "eyJlMmJmYjczMC1lY2FhLTExZTYtOGY4OC0zNDM2M2JjN2M0YzAiOnsiY3JlYXRlIjoxODAwMDAwMDAwMDAwLCJkZWxldGUiOjE4MDAwMDAwMDAwMDAsInJlYWQiOjMwMDAwMDAwMDAwMH19",
          "dependencies": [
            "azurerm_network_security_group.app_service_integration_NSG",
            "azurerm_resource_group.the_group",
            "azurerm_subnet.app_service_integration_subnet",
            "azurerm_virtual_network.the_network",
            "module.naming.random_string.first_letter",
            "module.naming.random_string.main"
          ]
        }
      ]
    },
    {
      "mode": "managed",
      "type": "azurerm_subnet_network_security_group_association",
      "name": "private_endpoints_to_nsg",
      "provider": "provider[\"registry.terraform.io/hashicorp/azurerm\"]",
      "instances": [
        {
          "schema_version": 0,
          "attributes": {
            "id": "/subscriptions/c3b441a2-e383-46cf-9ac4-4386092309bb/resourceGroups/rg-sqlapp-default/providers/Microsoft.Network/virtualNetworks/vnet-sqlapp-default/subnets/private_endpoints_subnet",
            "network_security_group_id": "/subscriptions/c3b441a2-e383-46cf-9ac4-4386092309bb/resourceGroups/rg-sqlapp-default/providers/Microsoft.Network/networkSecurityGroups/private_endpoints_NSG",
            "subnet_id": "/subscriptions/c3b441a2-e383-46cf-9ac4-4386092309bb/resourceGroups/rg-sqlapp-default/providers/Microsoft.Network/virtualNetworks/vnet-sqlapp-default/subnets/private_endpoints_subnet",
            "timeouts": null
          },
          "sensitive_attributes": [],
          "private": "eyJlMmJmYjczMC1lY2FhLTExZTYtOGY4OC0zNDM2M2JjN2M0YzAiOnsiY3JlYXRlIjoxODAwMDAwMDAwMDAwLCJkZWxldGUiOjE4MDAwMDAwMDAwMDAsInJlYWQiOjMwMDAwMDAwMDAwMH19",
          "dependencies": [
            "azurerm_network_security_group.private_endpoints_NSG",
            "azurerm_resource_group.the_group",
            "azurerm_subnet.private_endpoints_subnet",
            "azurerm_virtual_network.the_network",
            "module.naming.random_string.first_letter",
            "module.naming.random_string.main"
          ]
        }
      ]
    },
    {
      "mode": "managed",
      "type": "azurerm_virtual_network",
      "name": "the_network",
      "provider": "provider[\"registry.terraform.io/hashicorp/azurerm\"]",
      "instances": [
        {
          "schema_version": 0,
          "attributes": {
            "address_space": [
              "10.0.0.0/16"
            ],
            "bgp_community": "",
            "ddos_protection_plan": [],
            "dns_servers": [
              "168.63.129.16"
            ],
            "edge_zone": "",
            "encryption": [],
            "flow_timeout_in_minutes": 0,
            "guid": "4df95734-ed07-4d05-8db5-02fb319ce1f2",
            "id": "/subscriptions/c3b441a2-e383-46cf-9ac4-4386092309bb/resourceGroups/rg-sqlapp-default/providers/Microsoft.Network/virtualNetworks/vnet-sqlapp-default",
            "location": "francecentral",
            "name": "vnet-sqlapp-default",
            "resource_group_name": "rg-sqlapp-default",
            "subnet": [
              {
                "address_prefix": "10.0.0.0/24",
                "id": "/subscriptions/c3b441a2-e383-46cf-9ac4-4386092309bb/resourceGroups/rg-sqlapp-default/providers/Microsoft.Network/virtualNetworks/vnet-sqlapp-default/subnets/Application_Gateway_Subnet",
                "name": "Application_Gateway_Subnet",
                "security_group": ""
              },
              {
                "address_prefix": "10.0.1.0/24",
                "id": "/subscriptions/c3b441a2-e383-46cf-9ac4-4386092309bb/resourceGroups/rg-sqlapp-default/providers/Microsoft.Network/virtualNetworks/vnet-sqlapp-default/subnets/app_service_integration_subnet",
                "name": "app_service_integration_subnet",
                "security_group": "/subscriptions/c3b441a2-e383-46cf-9ac4-4386092309bb/resourceGroups/rg-sqlapp-default/providers/Microsoft.Network/networkSecurityGroups/app_service_integration_NSG"
              },
              {
                "address_prefix": "10.0.2.0/24",
                "id": "/subscriptions/c3b441a2-e383-46cf-9ac4-4386092309bb/resourceGroups/rg-sqlapp-default/providers/Microsoft.Network/virtualNetworks/vnet-sqlapp-default/subnets/private_endpoints_subnet",
                "name": "private_endpoints_subnet",
                "security_group": "/subscriptions/c3b441a2-e383-46cf-9ac4-4386092309bb/resourceGroups/rg-sqlapp-default/providers/Microsoft.Network/networkSecurityGroups/private_endpoints_NSG"
              }
            ],
            "tags": {
              "environment": "default"
            },
            "timeouts": null
          },
          "sensitive_attributes": [],
          "private": "eyJlMmJmYjczMC1lY2FhLTExZTYtOGY4OC0zNDM2M2JjN2M0YzAiOnsiY3JlYXRlIjoxODAwMDAwMDAwMDAwLCJkZWxldGUiOjE4MDAwMDAwMDAwMDAsInJlYWQiOjMwMDAwMDAwMDAwMCwidXBkYXRlIjoxODAwMDAwMDAwMDAwfX0=",
          "dependencies": [
            "azurerm_resource_group.the_group",
            "module.naming.random_string.first_letter",
            "module.naming.random_string.main"
          ]
        }
      ]
    },
    {
      "module": "module.naming",
      "mode": "managed",
      "type": "random_string",
      "name": "first_letter",
      "provider": "provider[\"registry.terraform.io/hashicorp/random\"]",
      "instances": [
        {
          "schema_version": 2,
          "attributes": {
            "id": "h",
            "keepers": null,
            "length": 1,
            "lower": true,
            "min_lower": 0,
            "min_numeric": 0,
            "min_special": 0,
            "min_upper": 0,
            "number": false,
            "numeric": false,
            "override_special": null,
            "result": "h",
            "special": false,
            "upper": false
          },
          "sensitive_attributes": []
        }
      ]
    },
    {
      "module": "module.naming",
      "mode": "managed",
      "type": "random_string",
      "name": "main",
      "provider": "provider[\"registry.terraform.io/hashicorp/random\"]",
      "instances": [
        {
          "schema_version": 2,
          "attributes": {
            "id": "rkoshsm2e04urxuvd8jb87nchnf4ygm1bkve2lf0uvxmlbl8lei6jiiwr0dq",
            "keepers": null,
            "length": 60,
            "lower": true,
            "min_lower": 0,
            "min_numeric": 0,
            "min_special": 0,
            "min_upper": 0,
            "number": true,
            "numeric": true,
            "override_special": null,
            "result": "rkoshsm2e04urxuvd8jb87nchnf4ygm1bkve2lf0uvxmlbl8lei6jiiwr0dq",
            "special": false,
            "upper": false
          },
          "sensitive_attributes": []
        }
      ]
    },
    {
      "module": "module.the_database",
      "mode": "managed",
      "type": "azurerm_linux_virtual_machine",
      "name": "example",
      "provider": "provider[\"registry.terraform.io/hashicorp/azurerm\"]",
      "instances": [
        {
          "schema_version": 0,
          "attributes": {
            "additional_capabilities": [],
            "admin_password": null,
            "admin_ssh_key": [
              {
                "public_key": "ssh-rsa AAAAB3NzaC1yc2EAAAADAQABAAABgQDMnLjDjjtgRTYRGb0h2rNC5grJy8LhVOYEmKWazESCxjMYXvCAu0eySznkTgVIPCZNPFSDudQ7Il10f9nmoEGQekd2RINn9v+Za3fZUnhy+eJ8GI6GCvnIBFe4gYDqZwoxjWXnGxgvlUx6/r+riP914TIow7RiSjI7Jq7BEaiRihg2MW36NmgxTS4VPtsnuUAHPo+UcfSC7D5iJPT4I2gmFPsnlw6eVSfQszEV9WnK1NZs8zZaYHCWDvatWoLUmLG4cn/Sep+y6qcHlrVgOMhvbCZEN1eGJtAFLfQMwEPKtp5JT04eLC8WotgJxoRm1PPkpuYGwNvitGAQ2AEnt1MHo2uVZ7UwocKvs3jIiEEEko4I5rGqhAx1AMMO2rcI8sIhSxL6XxtXaZSbU0fdP09zk9fb/sO29NugtTsjarAf5AMozgcBXik+52O54tW7OrCHWcfHT2+vZsnuUPIdOoRmvoOOWNnayL644q98URjwbN4Tga6C4w77M7qJdb1nCu0= mmed@MmedPC\n",
                "username": "mmed"
              }
            ],
            "admin_username": "mmed",
            "allow_extension_operations": true,
            "availability_set_id": "",
            "boot_diagnostics": [],
            "bypass_platform_safety_checks_on_user_schedule_enabled": false,
            "capacity_reservation_group_id": "",
            "computer_name": "vm-sqlapp-default",
            "custom_data": null,
            "dedicated_host_group_id": "",
            "dedicated_host_id": "",
            "disable_password_authentication": true,
            "edge_zone": "",
            "encryption_at_host_enabled": false,
            "eviction_policy": "",
            "extensions_time_budget": "PT1H30M",
            "gallery_application": [],
            "id": "/subscriptions/c3b441a2-e383-46cf-9ac4-4386092309bb/resourceGroups/rg-sqlapp-default/providers/Microsoft.Compute/virtualMachines/vm-sqlapp-default",
            "identity": [],
            "license_type": "",
            "location": "francecentral",
            "max_bid_price": -1,
            "name": "vm-sqlapp-default",
            "network_interface_ids": [
              "/subscriptions/c3b441a2-e383-46cf-9ac4-4386092309bb/resourceGroups/rg-sqlapp-default/providers/Microsoft.Network/networkInterfaces/example-nic"
            ],
            "os_disk": [
              {
                "caching": "ReadWrite",
                "diff_disk_settings": [],
                "disk_encryption_set_id": "",
                "disk_size_gb": 30,
                "name": "vm-sqlapp-default_OsDisk_1_25c6be2157444bbc945329c8e62ee8be",
                "secure_vm_disk_encryption_set_id": "",
                "security_encryption_type": "",
                "storage_account_type": "Standard_LRS",
                "write_accelerator_enabled": false
              }
            ],
            "patch_assessment_mode": "ImageDefault",
            "patch_mode": "ImageDefault",
            "plan": [],
            "platform_fault_domain": -1,
            "priority": "Regular",
            "private_ip_address": "10.0.2.4",
            "private_ip_addresses": [
              "10.0.2.4"
            ],
            "provision_vm_agent": true,
            "proximity_placement_group_id": "",
            "public_ip_address": "4.211.107.145",
            "public_ip_addresses": [
              "4.211.107.145"
            ],
            "reboot_setting": "",
            "resource_group_name": "rg-sqlapp-default",
            "secret": [],
            "secure_boot_enabled": false,
            "size": "Standard_F2",
            "source_image_id": "",
            "source_image_reference": [
              {
                "offer": "0001-com-ubuntu-server-jammy",
                "publisher": "Canonical",
                "sku": "22_04-lts",
                "version": "latest"
              }
            ],
            "tags": {},
            "termination_notification": [],
            "timeouts": null,
            "user_data": "",
            "virtual_machine_id": "d5495fcd-74e7-40ce-8624-a8bbf3522fc3",
            "virtual_machine_scale_set_id": "",
            "vtpm_enabled": false,
            "zone": ""
          },
          "sensitive_attributes": [],
          "private": "eyJlMmJmYjczMC1lY2FhLTExZTYtOGY4OC0zNDM2M2JjN2M0YzAiOnsiY3JlYXRlIjoyNzAwMDAwMDAwMDAwLCJkZWxldGUiOjI3MDAwMDAwMDAwMDAsInJlYWQiOjMwMDAwMDAwMDAwMCwidXBkYXRlIjoyNzAwMDAwMDAwMDAwfX0=",
          "dependencies": [
            "azurerm_resource_group.the_group",
            "azurerm_subnet.private_endpoints_subnet",
            "azurerm_virtual_network.the_network",
            "module.naming.random_string.first_letter",
            "module.naming.random_string.main",
            "module.the_database.azurerm_network_interface.example",
            "module.the_database.azurerm_public_ip.pip",
            "module.the_database.module.naming.random_string.first_letter",
            "module.the_database.module.naming.random_string.main"
          ]
        }
      ]
    },
    {
      "module": "module.the_database",
      "mode": "managed",
      "type": "azurerm_mssql_database",
      "name": "the_database",
      "provider": "provider[\"registry.terraform.io/hashicorp/azurerm\"]",
      "instances": [
        {
          "schema_version": 1,
          "attributes": {
            "auto_pause_delay_in_minutes": 0,
            "collation": "SQL_Latin1_General_CP1_CI_AS",
            "create_mode": "Default",
            "creation_source_database_id": null,
            "elastic_pool_id": "",
            "enclave_type": "",
            "geo_backup_enabled": true,
            "id": "/subscriptions/c3b441a2-e383-46cf-9ac4-4386092309bb/resourceGroups/rg-sqlapp-default/providers/Microsoft.Sql/servers/sql-sqlapp-default-xcqk/databases/sqldb-sqlapp-default",
            "identity": [],
            "import": [],
            "ledger_enabled": false,
            "license_type": "LicenseIncluded",
            "long_term_retention_policy": [
              {
                "monthly_retention": "PT0S",
                "week_of_year": 1,
                "weekly_retention": "PT0S",
                "yearly_retention": "PT0S"
              }
            ],
            "maintenance_configuration_name": "SQL_Default",
            "max_size_gb": 2,
            "min_capacity": 0,
            "name": "sqldb-sqlapp-default",
            "read_replica_count": 0,
            "read_scale": false,
            "recover_database_id": null,
            "restore_dropped_database_id": null,
            "restore_point_in_time": null,
            "sample_name": null,
            "server_id": "/subscriptions/c3b441a2-e383-46cf-9ac4-4386092309bb/resourceGroups/rg-sqlapp-default/providers/Microsoft.Sql/servers/sql-sqlapp-default-xcqk",
            "short_term_retention_policy": [
              {
                "backup_interval_in_hours": 24,
                "retention_days": 7
              }
            ],
            "sku_name": "Basic",
            "storage_account_type": "Geo",
            "tags": {},
            "threat_detection_policy": [
              {
                "disabled_alerts": [],
                "email_account_admins": "Disabled",
                "email_addresses": [],
                "retention_days": 0,
                "state": "Disabled",
                "storage_account_access_key": "",
                "storage_endpoint": ""
              }
            ],
            "timeouts": null,
            "transparent_data_encryption_enabled": true,
            "transparent_data_encryption_key_automatic_rotation_enabled": false,
            "transparent_data_encryption_key_vault_key_id": "",
            "zone_redundant": false
          },
          "sensitive_attributes": [],
          "private": "eyJlMmJmYjczMC1lY2FhLTExZTYtOGY4OC0zNDM2M2JjN2M0YzAiOnsiY3JlYXRlIjozNjAwMDAwMDAwMDAwLCJkZWxldGUiOjM2MDAwMDAwMDAwMDAsInJlYWQiOjMwMDAwMDAwMDAwMCwidXBkYXRlIjozNjAwMDAwMDAwMDAwfSwic2NoZW1hX3ZlcnNpb24iOiIxIn0=",
          "dependencies": [
            "azurerm_resource_group.the_group",
            "module.naming.random_string.first_letter",
            "module.naming.random_string.main",
            "module.the_database.azurerm_mssql_server.the_server",
            "module.the_database.module.naming.random_string.first_letter",
            "module.the_database.module.naming.random_string.main",
            "module.the_database.random_password.the_password"
          ]
        }
      ]
    },
    {
      "module": "module.the_database",
      "mode": "managed",
      "type": "azurerm_mssql_server",
      "name": "the_server",
      "provider": "provider[\"registry.terraform.io/hashicorp/azurerm\"]",
      "instances": [
        {
          "schema_version": 0,
          "attributes": {
            "administrator_login": "mmed",
            "administrator_login_password": "rV?*xoY%mfoNBx%U",
            "azuread_administrator": [],
            "connection_policy": "Default",
            "fully_qualified_domain_name": "sql-sqlapp-default-xcqk.database.windows.net",
            "id": "/subscriptions/c3b441a2-e383-46cf-9ac4-4386092309bb/resourceGroups/rg-sqlapp-default/providers/Microsoft.Sql/servers/sql-sqlapp-default-xcqk",
            "identity": [],
            "location": "francecentral",
            "minimum_tls_version": "1.2",
            "name": "sql-sqlapp-default-xcqk",
            "outbound_network_restriction_enabled": true,
            "primary_user_assigned_identity_id": "",
            "public_network_access_enabled": false,
            "resource_group_name": "rg-sqlapp-default",
            "restorable_dropped_database_ids": [],
            "tags": {},
            "timeouts": null,
            "transparent_data_encryption_key_vault_key_id": "",
            "version": "12.0"
          },
          "sensitive_attributes": [
            [
              {
                "type": "get_attr",
                "value": "administrator_login_password"
              }
            ]
          ],
          "private": "eyJlMmJmYjczMC1lY2FhLTExZTYtOGY4OC0zNDM2M2JjN2M0YzAiOnsiY3JlYXRlIjozNjAwMDAwMDAwMDAwLCJkZWxldGUiOjM2MDAwMDAwMDAwMDAsInJlYWQiOjMwMDAwMDAwMDAwMCwidXBkYXRlIjozNjAwMDAwMDAwMDAwfX0=",
          "dependencies": [
            "azurerm_resource_group.the_group",
            "module.naming.random_string.first_letter",
            "module.naming.random_string.main",
            "module.the_database.module.naming.random_string.first_letter",
            "module.the_database.module.naming.random_string.main",
            "module.the_database.random_password.the_password"
          ]
        }
      ]
    },
    {
      "module": "module.the_database",
      "mode": "managed",
      "type": "azurerm_network_interface",
      "name": "example",
      "provider": "provider[\"registry.terraform.io/hashicorp/azurerm\"]",
      "instances": [
        {
          "schema_version": 0,
          "attributes": {
            "applied_dns_servers": [],
            "auxiliary_mode": "",
            "auxiliary_sku": "",
            "dns_servers": [],
            "edge_zone": "",
            "enable_accelerated_networking": false,
            "enable_ip_forwarding": false,
            "id": "/subscriptions/c3b441a2-e383-46cf-9ac4-4386092309bb/resourceGroups/rg-sqlapp-default/providers/Microsoft.Network/networkInterfaces/example-nic",
            "internal_dns_name_label": "",
            "internal_domain_name_suffix": "grl5stih3ucu1dnval3tdhhb4c.parx.internal.cloudapp.net",
            "ip_configuration": [
              {
                "gateway_load_balancer_frontend_ip_configuration_id": "",
                "name": "internal",
                "primary": true,
                "private_ip_address": "10.0.2.4",
                "private_ip_address_allocation": "Dynamic",
                "private_ip_address_version": "IPv4",
                "public_ip_address_id": "/subscriptions/c3b441a2-e383-46cf-9ac4-4386092309bb/resourceGroups/rg-sqlapp-default/providers/Microsoft.Network/publicIPAddresses/example-pip",
                "subnet_id": "/subscriptions/c3b441a2-e383-46cf-9ac4-4386092309bb/resourceGroups/rg-sqlapp-default/providers/Microsoft.Network/virtualNetworks/vnet-sqlapp-default/subnets/private_endpoints_subnet"
              }
            ],
            "location": "francecentral",
            "mac_address": "60-45-BD-1A-05-32",
            "name": "example-nic",
            "private_ip_address": "10.0.2.4",
            "private_ip_addresses": [
              "10.0.2.4"
            ],
            "resource_group_name": "rg-sqlapp-default",
            "tags": {},
            "timeouts": null,
            "virtual_machine_id": "/subscriptions/c3b441a2-e383-46cf-9ac4-4386092309bb/resourceGroups/rg-sqlapp-default/providers/Microsoft.Compute/virtualMachines/vm-sqlapp-default"
          },
          "sensitive_attributes": [],
          "private": "eyJlMmJmYjczMC1lY2FhLTExZTYtOGY4OC0zNDM2M2JjN2M0YzAiOnsiY3JlYXRlIjoxODAwMDAwMDAwMDAwLCJkZWxldGUiOjE4MDAwMDAwMDAwMDAsInJlYWQiOjMwMDAwMDAwMDAwMCwidXBkYXRlIjoxODAwMDAwMDAwMDAwfX0=",
          "dependencies": [
            "azurerm_resource_group.the_group",
            "azurerm_subnet.private_endpoints_subnet",
            "azurerm_virtual_network.the_network",
            "module.naming.random_string.first_letter",
            "module.naming.random_string.main",
            "module.the_database.azurerm_public_ip.pip"
          ]
        }
      ]
    },
    {
      "module": "module.the_database",
      "mode": "managed",
      "type": "azurerm_private_dns_zone",
      "name": "database_dns_zone",
      "provider": "provider[\"registry.terraform.io/hashicorp/azurerm\"]",
      "instances": [
        {
          "schema_version": 0,
          "attributes": {
            "id": "/subscriptions/c3b441a2-e383-46cf-9ac4-4386092309bb/resourceGroups/rg-sqlapp-default/providers/Microsoft.Network/privateDnsZones/privatelink.database.windows.net",
            "max_number_of_record_sets": 25000,
            "max_number_of_virtual_network_links": 1000,
            "max_number_of_virtual_network_links_with_registration": 100,
            "name": "privatelink.database.windows.net",
            "number_of_record_sets": 2,
            "resource_group_name": "rg-sqlapp-default",
            "soa_record": [
              {
                "email": "azureprivatedns-host.microsoft.com",
                "expire_time": 2419200,
                "fqdn": "privatelink.database.windows.net.",
                "host_name": "azureprivatedns.net",
                "minimum_ttl": 10,
                "refresh_time": 3600,
                "retry_time": 300,
                "serial_number": 1,
                "tags": {},
                "ttl": 3600
              }
            ],
            "tags": {},
            "timeouts": null
          },
          "sensitive_attributes": [],
          "private": "eyJlMmJmYjczMC1lY2FhLTExZTYtOGY4OC0zNDM2M2JjN2M0YzAiOnsiY3JlYXRlIjoxODAwMDAwMDAwMDAwLCJkZWxldGUiOjE4MDAwMDAwMDAwMDAsInJlYWQiOjMwMDAwMDAwMDAwMCwidXBkYXRlIjoxODAwMDAwMDAwMDAwfX0=",
          "dependencies": [
            "azurerm_resource_group.the_group",
            "module.naming.random_string.first_letter",
            "module.naming.random_string.main"
          ]
        }
      ]
    },
    {
      "module": "module.the_database",
      "mode": "managed",
      "type": "azurerm_private_dns_zone_virtual_network_link",
      "name": "dns_link",
      "provider": "provider[\"registry.terraform.io/hashicorp/azurerm\"]",
      "instances": [
        {
          "schema_version": 0,
          "attributes": {
            "id": "/subscriptions/c3b441a2-e383-46cf-9ac4-4386092309bb/resourceGroups/rg-sqlapp-default/providers/Microsoft.Network/privateDnsZones/privatelink.database.windows.net/virtualNetworkLinks/dns_link",
            "name": "dns_link",
            "private_dns_zone_name": "privatelink.database.windows.net",
            "registration_enabled": false,
            "resource_group_name": "rg-sqlapp-default",
            "tags": {},
            "timeouts": null,
            "virtual_network_id": "/subscriptions/c3b441a2-e383-46cf-9ac4-4386092309bb/resourceGroups/rg-sqlapp-default/providers/Microsoft.Network/virtualNetworks/vnet-sqlapp-default"
          },
          "sensitive_attributes": [],
          "private": "eyJlMmJmYjczMC1lY2FhLTExZTYtOGY4OC0zNDM2M2JjN2M0YzAiOnsiY3JlYXRlIjoxODAwMDAwMDAwMDAwLCJkZWxldGUiOjE4MDAwMDAwMDAwMDAsInJlYWQiOjMwMDAwMDAwMDAwMCwidXBkYXRlIjoxODAwMDAwMDAwMDAwfX0=",
          "dependencies": [
            "azurerm_resource_group.the_group",
            "azurerm_virtual_network.the_network",
            "module.naming.random_string.first_letter",
            "module.naming.random_string.main",
            "module.the_database.azurerm_private_dns_zone.database_dns_zone"
          ]
        }
      ]
    },
    {
      "module": "module.the_database",
      "mode": "managed",
      "type": "azurerm_private_endpoint",
      "name": "private_endpoint",
      "provider": "provider[\"registry.terraform.io/hashicorp/azurerm\"]",
      "instances": [
        {
          "schema_version": 0,
          "attributes": {
            "custom_dns_configs": [],
            "custom_network_interface_name": "",
            "id": "/subscriptions/c3b441a2-e383-46cf-9ac4-4386092309bb/resourceGroups/rg-sqlapp-default/providers/Microsoft.Network/privateEndpoints/pe-sqlapp-default",
            "ip_configuration": [],
            "location": "francecentral",
            "name": "pe-sqlapp-default",
            "network_interface": [
              {
                "id": "/subscriptions/c3b441a2-e383-46cf-9ac4-4386092309bb/resourceGroups/rg-sqlapp-default/providers/Microsoft.Network/networkInterfaces/pe-sqlapp-default.nic.c5982151-1bd1-4b69-be8e-5963853d9d34",
                "name": "pe-sqlapp-default.nic.c5982151-1bd1-4b69-be8e-5963853d9d34"
              }
            ],
            "private_dns_zone_configs": [
              {
                "id": "/subscriptions/c3b441a2-e383-46cf-9ac4-4386092309bb/resourceGroups/rg-sqlapp-default/providers/Microsoft.Network/privateEndpoints/pe-sqlapp-default/privateDnsZoneGroups/sql/privateDnsZoneConfigs/privatelink.database.windows.net",
                "name": "privatelink.database.windows.net",
                "private_dns_zone_id": "/subscriptions/c3b441a2-e383-46cf-9ac4-4386092309bb/resourceGroups/rg-sqlapp-default/providers/Microsoft.Network/privateDnsZones/privatelink.database.windows.net",
                "record_sets": [
                  {
                    "fqdn": "sql-sqlapp-default-xcqk.privatelink.database.windows.net",
                    "ip_addresses": [
                      "10.0.2.5"
                    ],
                    "name": "sql-sqlapp-default-xcqk",
                    "ttl": 10,
                    "type": "A"
                  }
                ]
              }
            ],
            "private_dns_zone_group": [
              {
                "id": "/subscriptions/c3b441a2-e383-46cf-9ac4-4386092309bb/resourceGroups/rg-sqlapp-default/providers/Microsoft.Network/privateEndpoints/pe-sqlapp-default/privateDnsZoneGroups/sql",
                "name": "sql",
                "private_dns_zone_ids": [
                  "/subscriptions/c3b441a2-e383-46cf-9ac4-4386092309bb/resourceGroups/rg-sqlapp-default/providers/Microsoft.Network/privateDnsZones/privatelink.database.windows.net"
                ]
              }
            ],
            "private_service_connection": [
              {
                "is_manual_connection": false,
                "name": "sql",
                "private_connection_resource_alias": "",
                "private_connection_resource_id": "/subscriptions/c3b441a2-e383-46cf-9ac4-4386092309bb/resourceGroups/rg-sqlapp-default/providers/Microsoft.Sql/servers/sql-sqlapp-default-xcqk",
                "private_ip_address": "10.0.2.5",
                "request_message": "",
                "subresource_names": [
                  "sqlServer"
                ]
              }
            ],
            "resource_group_name": "rg-sqlapp-default",
            "subnet_id": "/subscriptions/c3b441a2-e383-46cf-9ac4-4386092309bb/resourceGroups/rg-sqlapp-default/providers/Microsoft.Network/virtualNetworks/vnet-sqlapp-default/subnets/private_endpoints_subnet",
            "tags": {},
            "timeouts": null
          },
          "sensitive_attributes": [],
          "private": "eyJlMmJmYjczMC1lY2FhLTExZTYtOGY4OC0zNDM2M2JjN2M0YzAiOnsiY3JlYXRlIjozNjAwMDAwMDAwMDAwLCJkZWxldGUiOjM2MDAwMDAwMDAwMDAsInJlYWQiOjMwMDAwMDAwMDAwMCwidXBkYXRlIjozNjAwMDAwMDAwMDAwfX0=",
          "dependencies": [
            "azurerm_resource_group.the_group",
            "azurerm_subnet.private_endpoints_subnet",
            "azurerm_virtual_network.the_network",
            "module.naming.random_string.first_letter",
            "module.naming.random_string.main",
            "module.the_database.azurerm_mssql_server.the_server",
            "module.the_database.azurerm_private_dns_zone.database_dns_zone",
            "module.the_database.module.naming.random_string.first_letter",
            "module.the_database.module.naming.random_string.main",
            "module.the_database.random_password.the_password"
          ]
        }
      ]
    },
    {
      "module": "module.the_database",
      "mode": "managed",
      "type": "azurerm_public_ip",
      "name": "pip",
      "provider": "provider[\"registry.terraform.io/hashicorp/azurerm\"]",
      "instances": [
        {
          "schema_version": 0,
          "attributes": {
            "allocation_method": "Dynamic",
            "ddos_protection_mode": "VirtualNetworkInherited",
            "ddos_protection_plan_id": null,
            "domain_name_label": null,
            "edge_zone": "",
            "fqdn": null,
            "id": "/subscriptions/c3b441a2-e383-46cf-9ac4-4386092309bb/resourceGroups/rg-sqlapp-default/providers/Microsoft.Network/publicIPAddresses/example-pip",
            "idle_timeout_in_minutes": 4,
            "ip_address": "4.211.107.145",
            "ip_tags": {},
            "ip_version": "IPv4",
            "location": "francecentral",
            "name": "example-pip",
            "public_ip_prefix_id": null,
            "resource_group_name": "rg-sqlapp-default",
            "reverse_fqdn": null,
            "sku": "Basic",
            "sku_tier": "Regional",
            "tags": {},
            "timeouts": null,
            "zones": []
          },
          "sensitive_attributes": [],
          "private": "eyJlMmJmYjczMC1lY2FhLTExZTYtOGY4OC0zNDM2M2JjN2M0YzAiOnsiY3JlYXRlIjoxODAwMDAwMDAwMDAwLCJkZWxldGUiOjE4MDAwMDAwMDAwMDAsInJlYWQiOjMwMDAwMDAwMDAwMCwidXBkYXRlIjoxODAwMDAwMDAwMDAwfX0=",
          "dependencies": [
            "azurerm_resource_group.the_group",
            "module.naming.random_string.first_letter",
            "module.naming.random_string.main"
          ]
        }
      ]
    },
    {
      "module": "module.the_database",
      "mode": "managed",
      "type": "random_password",
      "name": "the_password",
      "provider": "provider[\"registry.terraform.io/hashicorp/random\"]",
      "instances": [
        {
          "schema_version": 3,
          "attributes": {
            "bcrypt_hash": "$2a$10$4q0cAuji0wjQTQomshfp0OuOVxJM0AdlKYoHP9bkVsMAybAPAQjqi",
            "id": "none",
            "keepers": null,
            "length": 16,
            "lower": true,
            "min_lower": 0,
            "min_numeric": 0,
            "min_special": 0,
            "min_upper": 0,
            "number": true,
            "numeric": true,
            "override_special": null,
            "result": "rV?*xoY%mfoNBx%U",
            "special": true,
            "upper": true
          },
          "sensitive_attributes": []
        }
      ]
    },
    {
      "module": "module.the_database.module.naming",
      "mode": "managed",
      "type": "random_string",
      "name": "first_letter",
      "provider": "provider[\"registry.terraform.io/hashicorp/random\"]",
      "instances": [
        {
          "schema_version": 2,
          "attributes": {
            "id": "x",
            "keepers": null,
            "length": 1,
            "lower": true,
            "min_lower": 0,
            "min_numeric": 0,
            "min_special": 0,
            "min_upper": 0,
            "number": false,
            "numeric": false,
            "override_special": null,
            "result": "x",
            "special": false,
            "upper": false
          },
          "sensitive_attributes": []
        }
      ]
    },
    {
      "module": "module.the_database.module.naming",
      "mode": "managed",
      "type": "random_string",
      "name": "main",
      "provider": "provider[\"registry.terraform.io/hashicorp/random\"]",
      "instances": [
        {
          "schema_version": 2,
          "attributes": {
            "id": "cqkh7eusrqrflhxre476k7j30vqphh6l0m8vbl07a1u4wk2b0jo2htymhcvb",
            "keepers": null,
            "length": 60,
            "lower": true,
            "min_lower": 0,
            "min_numeric": 0,
            "min_special": 0,
            "min_upper": 0,
            "number": true,
            "numeric": true,
            "override_special": null,
            "result": "cqkh7eusrqrflhxre476k7j30vqphh6l0m8vbl07a1u4wk2b0jo2htymhcvb",
            "special": false,
            "upper": false
          },
          "sensitive_attributes": []
        }
      ]
    },
    {
      "module": "module.the_web_app",
      "mode": "managed",
      "type": "azurerm_app_service_virtual_network_swift_connection",
      "name": "vnet_integration",
      "provider": "provider[\"registry.terraform.io/hashicorp/azurerm\"]",
      "instances": [
        {
          "schema_version": 0,
          "attributes": {
            "app_service_id": "/subscriptions/c3b441a2-e383-46cf-9ac4-4386092309bb/resourceGroups/rg-sqlapp-default/providers/Microsoft.Web/sites/app-sqlapp-default-slpq",
            "id": "/subscriptions/c3b441a2-e383-46cf-9ac4-4386092309bb/resourceGroups/rg-sqlapp-default/providers/Microsoft.Web/sites/app-sqlapp-default-slpq/config/virtualNetwork",
            "subnet_id": "/subscriptions/c3b441a2-e383-46cf-9ac4-4386092309bb/resourceGroups/rg-sqlapp-default/providers/Microsoft.Network/virtualNetworks/vnet-sqlapp-default/subnets/app_service_integration_subnet",
            "timeouts": null
          },
          "sensitive_attributes": [],
          "private": "eyJlMmJmYjczMC1lY2FhLTExZTYtOGY4OC0zNDM2M2JjN2M0YzAiOnsiY3JlYXRlIjoxODAwMDAwMDAwMDAwLCJkZWxldGUiOjE4MDAwMDAwMDAwMDAsInJlYWQiOjMwMDAwMDAwMDAwMCwidXBkYXRlIjoxODAwMDAwMDAwMDAwfX0=",
          "dependencies": [
            "azurerm_resource_group.the_group",
            "azurerm_subnet.app_service_integration_subnet",
            "azurerm_virtual_network.the_network",
            "module.naming.random_string.first_letter",
            "module.naming.random_string.main",
            "module.the_database.azurerm_mssql_database.the_database",
            "module.the_database.azurerm_mssql_server.the_server",
            "module.the_database.module.naming.random_string.first_letter",
            "module.the_database.module.naming.random_string.main",
            "module.the_database.random_password.the_password",
            "module.the_web_app.azurerm_linux_web_app.the_app",
            "module.the_web_app.azurerm_service_plan.the_plan",
            "module.the_web_app.module.naming.random_string.first_letter",
            "module.the_web_app.module.naming.random_string.main"
          ]
        }
      ]
    },
    {
      "module": "module.the_web_app",
      "mode": "managed",
      "type": "azurerm_linux_web_app",
      "name": "the_app",
      "provider": "provider[\"registry.terraform.io/hashicorp/azurerm\"]",
      "instances": [
        {
          "schema_version": 1,
          "attributes": {
            "app_settings": {},
            "auth_settings": [],
            "auth_settings_v2": [],
            "backup": [],
            "client_affinity_enabled": false,
            "client_certificate_enabled": false,
            "client_certificate_exclusion_paths": "",
            "client_certificate_mode": "Required",
            "connection_string": [
              {
                "name": "Database",
                "type": "SQLAzure",
                "value": "Server=tcp:sql-sqlapp-default-xcqk.database.windows.net,1433;Initial Catalog=sqldb-sqlapp-default;Persist Security Info=False;User ID=mmed;Password=rV?*xoY%mfoNBx%U;MultipleActiveResultSets=False;Encrypt=True;TrustServerCertificate=False;Connection Timeout=30;"
              }
            ],
            "custom_domain_verification_id": "FE179B24A0F2A9E2B4118778893CF079C8557707860CFE1E9A12DCDC41CA3E93",
            "default_hostname": "app-sqlapp-default-slpq.azurewebsites.net",
            "enabled": true,
            "ftp_publish_basic_authentication_enabled": true,
            "hosting_environment_id": "",
            "https_only": false,
            "id": "/subscriptions/c3b441a2-e383-46cf-9ac4-4386092309bb/resourceGroups/rg-sqlapp-default/providers/Microsoft.Web/sites/app-sqlapp-default-slpq",
            "identity": [],
            "key_vault_reference_identity_id": "SystemAssigned",
            "kind": "app,linux",
            "location": "francecentral",
            "logs": [],
            "name": "app-sqlapp-default-slpq",
            "outbound_ip_address_list": [
              "20.74.37.224",
              "20.74.37.177",
              "20.74.38.48",
              "20.74.39.16",
              "20.74.39.64",
              "20.74.39.122",
              "20.111.1.1"
            ],
            "outbound_ip_addresses": "20.74.37.224,20.74.37.177,20.74.38.48,20.74.39.16,20.74.39.64,20.74.39.122,20.111.1.1",
            "possible_outbound_ip_address_list": [
              "20.74.37.224",
              "20.74.37.177",
              "20.74.38.48",
              "20.74.39.16",
              "20.74.39.64",
              "20.74.39.122",
              "20.74.39.152",
              "20.74.39.157",
              "20.74.39.170",
              "20.74.39.181",
              "20.74.39.196",
              "20.74.39.202",
              "20.74.39.204",
              "20.74.39.213",
              "20.74.36.25",
              "20.74.39.217",
              "20.74.39.248",
              "20.199.32.0",
              "20.199.32.7",
              "20.74.39.188",
              "20.74.39.201",
              "20.199.32.15",
              "20.74.37.56",
              "20.74.32.202",
              "20.111.1.1"
            ],
            "possible_outbound_ip_addresses": "20.74.37.224,20.74.37.177,20.74.38.48,20.74.39.16,20.74.39.64,20.74.39.122,20.74.39.152,20.74.39.157,20.74.39.170,20.74.39.181,20.74.39.196,20.74.39.202,20.74.39.204,20.74.39.213,20.74.36.25,20.74.39.217,20.74.39.248,20.199.32.0,20.199.32.7,20.74.39.188,20.74.39.201,20.199.32.15,20.74.37.56,20.74.32.202,20.111.1.1",
            "public_network_access_enabled": true,
            "resource_group_name": "rg-sqlapp-default",
            "service_plan_id": "/subscriptions/c3b441a2-e383-46cf-9ac4-4386092309bb/resourceGroups/rg-sqlapp-default/providers/Microsoft.Web/serverFarms/plan-sqlapp-default",
            "site_config": [
              {
                "always_on": true,
                "api_definition_url": "",
                "api_management_api_id": "",
                "app_command_line": "",
                "application_stack": [
                  {
                    "docker_image": "",
                    "docker_image_name": "",
                    "docker_image_tag": "",
                    "docker_registry_password": "",
                    "docker_registry_url": "",
                    "docker_registry_username": "",
                    "dotnet_version": "6.0",
                    "go_version": "",
                    "java_server": "",
                    "java_server_version": "",
                    "java_version": "",
                    "node_version": "",
                    "php_version": "",
                    "python_version": "",
                    "ruby_version": ""
                  }
                ],
                "auto_heal_enabled": false,
                "auto_heal_setting": [],
                "container_registry_managed_identity_client_id": "",
                "container_registry_use_managed_identity": false,
                "cors": [],
                "default_documents": [
                  "Default.htm",
                  "Default.html",
                  "Default.asp",
                  "index.htm",
                  "index.html",
                  "iisstart.htm",
                  "default.aspx",
                  "index.php",
                  "hostingstart.html"
                ],
                "detailed_error_logging_enabled": false,
                "ftps_state": "Disabled",
                "health_check_eviction_time_in_min": 0,
                "health_check_path": "",
                "http2_enabled": false,
                "ip_restriction": [],
                "linux_fx_version": "DOTNETCORE|6.0",
                "load_balancing_mode": "LeastRequests",
                "local_mysql_enabled": false,
                "managed_pipeline_mode": "Integrated",
                "minimum_tls_version": "1.2",
                "remote_debugging_enabled": false,
                "remote_debugging_version": "VS2019",
                "scm_ip_restriction": [],
                "scm_minimum_tls_version": "1.2",
                "scm_type": "GitHubAction",
                "scm_use_main_ip_restriction": false,
                "use_32_bit_worker": true,
                "vnet_route_all_enabled": false,
                "websockets_enabled": false,
                "worker_count": 1
              }
            ],
            "site_credential": [
              {
                "name": "$app-sqlapp-default-slpq",
                "password": "AQLQKng3l4u2QK6UtLgVkMk-A0_OsgE.wHQobAif1ja__B-hb4UeRPQPWcFoSmY6NpIa9q0CvPQ"
              }
            ],
            "sticky_settings": [],
            "storage_account": [],
            "tags": {},
            "timeouts": null,
            "virtual_network_subnet_id": "",
            "webdeploy_publish_basic_authentication_enabled": true,
            "zip_deploy_file": ""
          },
          "sensitive_attributes": [
            [
              {
                "type": "get_attr",
                "value": "connection_string"
              }
            ]
          ],
          "private": "eyJlMmJmYjczMC1lY2FhLTExZTYtOGY4OC0zNDM2M2JjN2M0YzAiOnsiY3JlYXRlIjoxODAwMDAwMDAwMDAwLCJkZWxldGUiOjE4MDAwMDAwMDAwMDAsInJlYWQiOjMwMDAwMDAwMDAwMCwidXBkYXRlIjoxODAwMDAwMDAwMDAwfSwic2NoZW1hX3ZlcnNpb24iOiIxIn0=",
          "dependencies": [
            "azurerm_resource_group.the_group",
            "module.naming.random_string.first_letter",
            "module.naming.random_string.main",
            "module.the_database.azurerm_mssql_database.the_database",
            "module.the_database.azurerm_mssql_server.the_server",
            "module.the_database.module.naming.random_string.first_letter",
            "module.the_database.module.naming.random_string.main",
            "module.the_database.random_password.the_password",
            "module.the_web_app.azurerm_service_plan.the_plan",
            "module.the_web_app.module.naming.random_string.first_letter",
            "module.the_web_app.module.naming.random_string.main"
          ]
        }
      ]
    },
    {
      "module": "module.the_web_app",
      "mode": "managed",
      "type": "azurerm_service_plan",
      "name": "the_plan",
      "provider": "provider[\"registry.terraform.io/hashicorp/azurerm\"]",
      "instances": [
        {
          "schema_version": 1,
          "attributes": {
            "app_service_environment_id": "",
            "id": "/subscriptions/c3b441a2-e383-46cf-9ac4-4386092309bb/resourceGroups/rg-sqlapp-default/providers/Microsoft.Web/serverFarms/plan-sqlapp-default",
            "kind": "linux",
            "location": "francecentral",
            "maximum_elastic_worker_count": 1,
            "name": "plan-sqlapp-default",
            "os_type": "Linux",
            "per_site_scaling_enabled": false,
            "reserved": true,
            "resource_group_name": "rg-sqlapp-default",
            "sku_name": "B1",
            "tags": {},
            "timeouts": null,
            "worker_count": 1,
            "zone_balancing_enabled": false
          },
          "sensitive_attributes": [],
          "private": "eyJlMmJmYjczMC1lY2FhLTExZTYtOGY4OC0zNDM2M2JjN2M0YzAiOnsiY3JlYXRlIjozNjAwMDAwMDAwMDAwLCJkZWxldGUiOjM2MDAwMDAwMDAwMDAsInJlYWQiOjMwMDAwMDAwMDAwMCwidXBkYXRlIjozNjAwMDAwMDAwMDAwfSwic2NoZW1hX3ZlcnNpb24iOiIxIn0=",
          "dependencies": [
            "azurerm_resource_group.the_group",
            "module.naming.random_string.first_letter",
            "module.naming.random_string.main",
            "module.the_web_app.module.naming.random_string.first_letter",
            "module.the_web_app.module.naming.random_string.main"
          ]
        }
      ]
    },
    {
      "module": "module.the_web_app.module.naming",
      "mode": "managed",
      "type": "random_string",
      "name": "first_letter",
      "provider": "provider[\"registry.terraform.io/hashicorp/random\"]",
      "instances": [
        {
          "schema_version": 2,
          "attributes": {
            "id": "s",
            "keepers": null,
            "length": 1,
            "lower": true,
            "min_lower": 0,
            "min_numeric": 0,
            "min_special": 0,
            "min_upper": 0,
            "number": false,
            "numeric": false,
            "override_special": null,
            "result": "s",
            "special": false,
            "upper": false
          },
          "sensitive_attributes": []
        }
      ]
    },
    {
      "module": "module.the_web_app.module.naming",
      "mode": "managed",
      "type": "random_string",
      "name": "main",
      "provider": "provider[\"registry.terraform.io/hashicorp/random\"]",
      "instances": [
        {
          "schema_version": 2,
          "attributes": {
            "id": "lpqu1bmb809l2opxecxey9mc405qmjir6idl8u4udfio9r4w1bx1yfrbe648",
            "keepers": null,
            "length": 60,
            "lower": true,
            "min_lower": 0,
            "min_numeric": 0,
            "min_special": 0,
            "min_upper": 0,
            "number": true,
            "numeric": true,
            "override_special": null,
            "result": "lpqu1bmb809l2opxecxey9mc405qmjir6idl8u4udfio9r4w1bx1yfrbe648",
            "special": false,
            "upper": false
          },
          "sensitive_attributes": []
        }
      ]
    }
  ],
  "check_results": null
}
